
Microsoft Visual Studio Solution File, Format Version 12.00
# Visual Studio Version 16
VisualStudioVersion = 16.0.32428.217
MinimumVisualStudioVersion = 10.0.40219.1
Project("{FAE04EC0-301F-11D3-BF4B-00C04F79EFBC}") = "kyrsach", "kyrsach\kyrsach.csproj", "{BDE20CBB-0B09-49E4-BA8D-576363917A07}"
EndProject
Global
	GlobalSection(SolutionConfigurationPlatforms) = preSolution
		Debug|Any CPU = Debug|Any CPU
		Release|Any CPU = Release|Any CPU
	EndGlobalSection
	GlobalSection(ProjectConfigurationPlatforms) = postSolution
		{BDE20CBB-0B09-49E4-BA8D-576363917A07}.Debug|Any CPU.ActiveCfg = Debug|Any CPU
		{BDE20CBB-0B09-49E4-BA8D-576363917A07}.Debug|Any CPU.Build.0 = Debug|Any CPU
		{BDE20CBB-0B09-49E4-BA8D-576363917A07}.Release|Any CPU.ActiveCfg = Release|Any CPU
		{BDE20CBB-0B09-49E4-BA8D-576363917A07}.Release|Any CPU.Build.0 = Release|Any CPU
	EndGlobalSection
	GlobalSection(SolutionProperties) = preSolution
		HideSolutionNode = FALSE
	EndGlobalSection
	GlobalSection(ExtensibilityGlobals) = postSolution
		SolutionGuid = {5EC5CAE4-1091-4503-8808-403F896986B8}
	EndGlobalSection
EndGlobal
